// !$*UTF8*$!
{
	archiveVersion = 1;
	classes = {
	};
	objectVersion = 50;
	objects = {

/* Begin PBXBuildFile section */
		74DEC21A256D48BA007E8A17 /* AppDelegate.swift in Sources */ = {isa = PBXBuildFile; fileRef = 74DEC219256D48BA007E8A17 /* AppDelegate.swift */; };
		74DEC21C256D48BA007E8A17 /* SceneDelegate.swift in Sources */ = {isa = PBXBuildFile; fileRef = 74DEC21B256D48BA007E8A17 /* SceneDelegate.swift */; };
		74DEC21E256D48BA007E8A17 /* ViewController.swift in Sources */ = {isa = PBXBuildFile; fileRef = 74DEC21D256D48BA007E8A17 /* ViewController.swift */; };
		74DEC221256D48BA007E8A17 /* Main.storyboard in Resources */ = {isa = PBXBuildFile; fileRef = 74DEC21F256D48BA007E8A17 /* Main.storyboard */; };
		74DEC223256D48BE007E8A17 /* Assets.xcassets in Resources */ = {isa = PBXBuildFile; fileRef = 74DEC222256D48BE007E8A17 /* Assets.xcassets */; };
		74DEC226256D48BE007E8A17 /* LaunchScreen.storyboard in Resources */ = {isa = PBXBuildFile; fileRef = 74DEC224256D48BE007E8A17 /* LaunchScreen.storyboard */; };
		74DEC231256D48BE007E8A17 /* TestAppTests.swift in Sources */ = {isa = PBXBuildFile; fileRef = 74DEC230256D48BE007E8A17 /* TestAppTests.swift */; };
		74DEC23C256D48BE007E8A17 /* TestAppUITests.swift in Sources */ = {isa = PBXBuildFile; fileRef = 74DEC23B256D48BE007E8A17 /* TestAppUITests.swift */; };
/* End PBXBuildFile section */

/* Begin PBXContainerItemProxy section */
		74DEC22D256D48BE007E8A17 /* PBXContainerItemProxy */ = {
			isa = PBXContainerItemProxy;
			containerPortal = 74DEC20E256D48BA007E8A17 /* Project object */;
			proxyType = 1;
			remoteGlobalIDString = 74DEC215256D48BA007E8A17;
			remoteInfo = TestApp;
		};
		74DEC238256D48BE007E8A17 /* PBXContainerItemProxy */ = {
			isa = PBXContainerItemProxy;
			containerPortal = 74DEC20E256D48BA007E8A17 /* Project object */;
			proxyType = 1;
			remoteGlobalIDString = 74DEC215256D48BA007E8A17;
			remoteInfo = TestApp;
		};
/* End PBXContainerItemProxy section */

/* Begin PBXFileReference section */
		74DEC216256D48BA007E8A17 /* TestApp.app */ = {isa = PBXFileReference; explicitFileType = wrapper.application; includeInIndex = 0; path = TestApp.app; sourceTree = BUILT_PRODUCTS_DIR; };
		74DEC219256D48BA007E8A17 /* AppDelegate.swift */ = {isa = PBXFileReference; lastKnownFileType = sourcecode.swift; path = AppDelegate.swift; sourceTree = "<group>"; };
		74DEC21B256D48BA007E8A17 /* SceneDelegate.swift */ = {isa = PBXFileReference; lastKnownFileType = sourcecode.swift; path = SceneDelegate.swift; sourceTree = "<group>"; };
		74DEC21D256D48BA007E8A17 /* ViewController.swift */ = {isa = PBXFileReference; lastKnownFileType = sourcecode.swift; path = ViewController.swift; sourceTree = "<group>"; };
		74DEC220256D48BA007E8A17 /* Base */ = {isa = PBXFileReference; lastKnownFileType = file.storyboard; name = Base; path = Base.lproj/Main.storyboard; sourceTree = "<group>"; };
		74DEC222256D48BE007E8A17 /* Assets.xcassets */ = {isa = PBXFileReference; lastKnownFileType = folder.assetcatalog; path = Assets.xcassets; sourceTree = "<group>"; };
		74DEC225256D48BE007E8A17 /* Base */ = {isa = PBXFileReference; lastKnownFileType = file.storyboard; name = Base; path = Base.lproj/LaunchScreen.storyboard; sourceTree = "<group>"; };
		74DEC227256D48BE007E8A17 /* Info.plist */ = {isa = PBXFileReference; lastKnownFileType = text.plist.xml; path = Info.plist; sourceTree = "<group>"; };
		74DEC22C256D48BE007E8A17 /* TestAppTests.xctest */ = {isa = PBXFileReference; explicitFileType = wrapper.cfbundle; includeInIndex = 0; path = TestAppTests.xctest; sourceTree = BUILT_PRODUCTS_DIR; };
		74DEC230256D48BE007E8A17 /* TestAppTests.swift */ = {isa = PBXFileReference; lastKnownFileType = sourcecode.swift; path = TestAppTests.swift; sourceTree = "<group>"; };
		74DEC232256D48BE007E8A17 /* Info.plist */ = {isa = PBXFileReference; lastKnownFileType = text.plist.xml; path = Info.plist; sourceTree = "<group>"; };
		74DEC237256D48BE007E8A17 /* TestAppUITests.xctest */ = {isa = PBXFileReference; explicitFileType = wrapper.cfbundle; includeInIndex = 0; path = TestAppUITests.xctest; sourceTree = BUILT_PRODUCTS_DIR; };
		74DEC23B256D48BE007E8A17 /* TestAppUITests.swift */ = {isa = PBXFileReference; lastKnownFileType = sourcecode.swift; path = TestAppUITests.swift; sourceTree = "<group>"; };
		74DEC23D256D48BE007E8A17 /* Info.plist */ = {isa = PBXFileReference; lastKnownFileType = text.plist.xml; path = Info.plist; sourceTree = "<group>"; };
/* End PBXFileReference section */

/* Begin PBXFrameworksBuildPhase section */
		74DEC213256D48BA007E8A17 /* Frameworks */ = {
			isa = PBXFrameworksBuildPhase;
			buildActionMask = 2147483647;
			files = (
			);
			runOnlyForDeploymentPostprocessing = 0;
		};
		74DEC229256D48BE007E8A17 /* Frameworks */ = {
			isa = PBXFrameworksBuildPhase;
			buildActionMask = 2147483647;
			files = (
			);
			runOnlyForDeploymentPostprocessing = 0;
		};
		74DEC234256D48BE007E8A17 /* Frameworks */ = {
			isa = PBXFrameworksBuildPhase;
			buildActionMask = 2147483647;
			files = (
			);
			runOnlyForDeploymentPostprocessing = 0;
		};
/* End PBXFrameworksBuildPhase section */

/* Begin PBXGroup section */
		74DEC20D256D48BA007E8A17 = {
			isa = PBXGroup;
			children = (
				74DEC218256D48BA007E8A17 /* TestApp */,
				74DEC22F256D48BE007E8A17 /* TestAppTests */,
				74DEC23A256D48BE007E8A17 /* TestAppUITests */,
				74DEC217256D48BA007E8A17 /* Products */,
			);
			sourceTree = "<group>";
		};
		74DEC217256D48BA007E8A17 /* Products */ = {
			isa = PBXGroup;
			children = (
				74DEC216256D48BA007E8A17 /* TestApp.app */,
				74DEC22C256D48BE007E8A17 /* TestAppTests.xctest */,
				74DEC237256D48BE007E8A17 /* TestAppUITests.xctest */,
			);
			name = Products;
			sourceTree = "<group>";
		};
		74DEC218256D48BA007E8A17 /* TestApp */ = {
			isa = PBXGroup;
			children = (
				74DEC219256D48BA007E8A17 /* AppDelegate.swift */,
				74DEC21B256D48BA007E8A17 /* SceneDelegate.swift */,
				74DEC21D256D48BA007E8A17 /* ViewController.swift */,
				74DEC21F256D48BA007E8A17 /* Main.storyboard */,
				74DEC222256D48BE007E8A17 /* Assets.xcassets */,
				74DEC224256D48BE007E8A17 /* LaunchScreen.storyboard */,
				74DEC227256D48BE007E8A17 /* Info.plist */,
			);
			path = TestApp;
			sourceTree = "<group>";
		};
		74DEC22F256D48BE007E8A17 /* TestAppTests */ = {
			isa = PBXGroup;
			children = (
				74DEC230256D48BE007E8A17 /* TestAppTests.swift */,
				74DEC232256D48BE007E8A17 /* Info.plist */,
			);
			path = TestAppTests;
			sourceTree = "<group>";
		};
		74DEC23A256D48BE007E8A17 /* TestAppUITests */ = {
			isa = PBXGroup;
			children = (
				74DEC23B256D48BE007E8A17 /* TestAppUITests.swift */,
				74DEC23D256D48BE007E8A17 /* Info.plist */,
			);
			path = TestAppUITests;
			sourceTree = "<group>";
		};
/* End PBXGroup section */

/* Begin PBXNativeTarget section */
		74DEC215256D48BA007E8A17 /* TestApp */ = {
			isa = PBXNativeTarget;
			buildConfigurationList = 74DEC240256D48BE007E8A17 /* Build configuration list for PBXNativeTarget "TestApp" */;
			buildPhases = (
				74DEC212256D48BA007E8A17 /* Sources */,
				74DEC213256D48BA007E8A17 /* Frameworks */,
				74DEC214256D48BA007E8A17 /* Resources */,
			);
			buildRules = (
			);
			dependencies = (
			);
			name = TestApp;
			productName = TestApp;
			productReference = 74DEC216256D48BA007E8A17 /* TestApp.app */;
			productType = "com.apple.product-type.application";
		};
		74DEC22B256D48BE007E8A17 /* TestAppTests */ = {
			isa = PBXNativeTarget;
			buildConfigurationList = 74DEC243256D48BE007E8A17 /* Build configuration list for PBXNativeTarget "TestAppTests" */;
			buildPhases = (
				74DEC228256D48BE007E8A17 /* Sources */,
				74DEC229256D48BE007E8A17 /* Frameworks */,
				74DEC22A256D48BE007E8A17 /* Resources */,
			);
			buildRules = (
			);
			dependencies = (
				74DEC22E256D48BE007E8A17 /* PBXTargetDependency */,
			);
			name = TestAppTests;
			productName = TestAppTests;
			productReference = 74DEC22C256D48BE007E8A17 /* TestAppTests.xctest */;
			productType = "com.apple.product-type.bundle.unit-test";
		};
		74DEC236256D48BE007E8A17 /* TestAppUITests */ = {
			isa = PBXNativeTarget;
			buildConfigurationList = 74DEC246256D48BE007E8A17 /* Build configuration list for PBXNativeTarget "TestAppUITests" */;
			buildPhases = (
				74DEC233256D48BE007E8A17 /* Sources */,
				74DEC234256D48BE007E8A17 /* Frameworks */,
				74DEC235256D48BE007E8A17 /* Resources */,
			);
			buildRules = (
			);
			dependencies = (
				74DEC239256D48BE007E8A17 /* PBXTargetDependency */,
			);
			name = TestAppUITests;
			productName = TestAppUITests;
			productReference = 74DEC237256D48BE007E8A17 /* TestAppUITests.xctest */;
			productType = "com.apple.product-type.bundle.ui-testing";
		};
/* End PBXNativeTarget section */

/* Begin PBXProject section */
		74DEC20E256D48BA007E8A17 /* Project object */ = {
			isa = PBXProject;
			attributes = {
				LastSwiftUpdateCheck = 1220;
				LastUpgradeCheck = 1220;
				TargetAttributes = {
					74DEC215256D48BA007E8A17 = {
						CreatedOnToolsVersion = 12.2;
					};
					74DEC22B256D48BE007E8A17 = {
						CreatedOnToolsVersion = 12.2;
						TestTargetID = 74DEC215256D48BA007E8A17;
					};
					74DEC236256D48BE007E8A17 = {
						CreatedOnToolsVersion = 12.2;
						TestTargetID = 74DEC215256D48BA007E8A17;
					};
				};
			};
			buildConfigurationList = 74DEC211256D48BA007E8A17 /* Build configuration list for PBXProject "TestApp" */;
			compatibilityVersion = "Xcode 9.3";
			developmentRegion = en;
			hasScannedForEncodings = 0;
			knownRegions = (
				en,
				Base,
			);
			mainGroup = 74DEC20D256D48BA007E8A17;
			productRefGroup = 74DEC217256D48BA007E8A17 /* Products */;
			projectDirPath = "";
			projectRoot = "";
			targets = (
				74DEC215256D48BA007E8A17 /* TestApp */,
				74DEC22B256D48BE007E8A17 /* TestAppTests */,
				74DEC236256D48BE007E8A17 /* TestAppUITests */,
			);
		};
/* End PBXProject section */

/* Begin PBXResourcesBuildPhase section */
		74DEC214256D48BA007E8A17 /* Resources */ = {
			isa = PBXResourcesBuildPhase;
			buildActionMask = 2147483647;
			files = (
				74DEC226256D48BE007E8A17 /* LaunchScreen.storyboard in Resources */,
				74DEC223256D48BE007E8A17 /* Assets.xcassets in Resources */,
				74DEC221256D48BA007E8A17 /* Main.storyboard in Resources */,
			);
			runOnlyForDeploymentPostprocessing = 0;
		};
		74DEC22A256D48BE007E8A17 /* Resources */ = {
			isa = PBXResourcesBuildPhase;
			buildActionMask = 2147483647;
			files = (
			);
			runOnlyForDeploymentPostprocessing = 0;
		};
		74DEC235256D48BE007E8A17 /* Resources */ = {
			isa = PBXResourcesBuildPhase;
			buildActionMask = 2147483647;
			files = (
			);
			runOnlyForDeploymentPostprocessing = 0;
		};
/* End PBXResourcesBuildPhase section */

/* Begin PBXSourcesBuildPhase section */
		74DEC212256D48BA007E8A17 /* Sources */ = {
			isa = PBXSourcesBuildPhase;
			buildActionMask = 2147483647;
			files = (
				74DEC21E256D48BA007E8A17 /* ViewController.swift in Sources */,
				74DEC21A256D48BA007E8A17 /* AppDelegate.swift in Sources */,
				74DEC21C256D48BA007E8A17 /* SceneDelegate.swift in Sources */,
			);
			runOnlyForDeploymentPostprocessing = 0;
		};
		74DEC228256D48BE007E8A17 /* Sources */ = {
			isa = PBXSourcesBuildPhase;
			buildActionMask = 2147483647;
			files = (
				74DEC231256D48BE007E8A17 /* TestAppTests.swift in Sources */,
			);
			runOnlyForDeploymentPostprocessing = 0;
		};
		74DEC233256D48BE007E8A17 /* Sources */ = {
			isa = PBXSourcesBuildPhase;
			buildActionMask = 2147483647;
			files = (
				74DEC23C256D48BE007E8A17 /* TestAppUITests.swift in Sources */,
			);
			runOnlyForDeploymentPostprocessing = 0;
		};
/* End PBXSourcesBuildPhase section */

/* Begin PBXTargetDependency section */
		74DEC22E256D48BE007E8A17 /* PBXTargetDependency */ = {
			isa = PBXTargetDependency;
			target = 74DEC215256D48BA007E8A17 /* TestApp */;
			targetProxy = 74DEC22D256D48BE007E8A17 /* PBXContainerItemProxy */;
		};
		74DEC239256D48BE007E8A17 /* PBXTargetDependency */ = {
			isa = PBXTargetDependency;
			target = 74DEC215256D48BA007E8A17 /* TestApp */;
			targetProxy = 74DEC238256D48BE007E8A17 /* PBXContainerItemProxy */;
		};
/* End PBXTargetDependency section */

/* Begin PBXVariantGroup section */
		74DEC21F256D48BA007E8A17 /* Main.storyboard */ = {
			isa = PBXVariantGroup;
			children = (
				74DEC220256D48BA007E8A17 /* Base */,
			);
			name = Main.storyboard;
			sourceTree = "<group>";
		};
		74DEC224256D48BE007E8A17 /* LaunchScreen.storyboard */ = {
			isa = PBXVariantGroup;
			children = (
				74DEC225256D48BE007E8A17 /* Base */,
			);
			name = LaunchScreen.storyboard;
			sourceTree = "<group>";
		};
/* End PBXVariantGroup section */

/* Begin XCBuildConfiguration section */
		74DEC23E256D48BE007E8A17 /* Debug */ = {
			isa = XCBuildConfiguration;
			buildSettings = {
				ALWAYS_SEARCH_USER_PATHS = NO;
				CLANG_ANALYZER_NONNULL = YES;
				CLANG_ANALYZER_NUMBER_OBJECT_CONVERSION = YES_AGGRESSIVE;
				CLANG_CXX_LANGUAGE_STANDARD = "gnu++14";
				CLANG_CXX_LIBRARY = "libc++";
				CLANG_ENABLE_MODULES = YES;
				CLANG_ENABLE_OBJC_ARC = YES;
				CLANG_ENABLE_OBJC_WEAK = YES;
				CLANG_WARN_BLOCK_CAPTURE_AUTORELEASING = YES;
				CLANG_WARN_BOOL_CONVERSION = YES;
				CLANG_WARN_COMMA = YES;
				CLANG_WARN_CONSTANT_CONVERSION = YES;
				CLANG_WARN_DEPRECATED_OBJC_IMPLEMENTATIONS = YES;
				CLANG_WARN_DIRECT_OBJC_ISA_USAGE = YES_ERROR;
				CLANG_WARN_DOCUMENTATION_COMMENTS = YES;
				CLANG_WARN_EMPTY_BODY = YES;
				CLANG_WARN_ENUM_CONVERSION = YES;
				CLANG_WARN_INFINITE_RECURSION = YES;
				CLANG_WARN_INT_CONVERSION = YES;
				CLANG_WARN_NON_LITERAL_NULL_CONVERSION = YES;
				CLANG_WARN_OBJC_IMPLICIT_RETAIN_SELF = YES;
				CLANG_WARN_OBJC_LITERAL_CONVERSION = YES;
				CLANG_WARN_OBJC_ROOT_CLASS = YES_ERROR;
				CLANG_WARN_QUOTED_INCLUDE_IN_FRAMEWORK_HEADER = YES;
				CLANG_WARN_RANGE_LOOP_ANALYSIS = YES;
				CLANG_WARN_STRICT_PROTOTYPES = YES;
				CLANG_WARN_SUSPICIOUS_MOVE = YES;
				CLANG_WARN_UNGUARDED_AVAILABILITY = YES_AGGRESSIVE;
				CLANG_WARN_UNREACHABLE_CODE = YES;
				CLANG_WARN__DUPLICATE_METHOD_MATCH = YES;
				COPY_PHASE_STRIP = NO;
				DEBUG_INFORMATION_FORMAT = dwarf;
				ENABLE_STRICT_OBJC_MSGSEND = YES;
				ENABLE_TESTABILITY = YES;
				GCC_C_LANGUAGE_STANDARD = gnu11;
				GCC_DYNAMIC_NO_PIC = NO;
				GCC_NO_COMMON_BLOCKS = YES;
				GCC_OPTIMIZATION_LEVEL = 0;
				GCC_PREPROCESSOR_DEFINITIONS = (
					"DEBUG=1",
					"$(inherited)",
				);
				GCC_WARN_64_TO_32_BIT_CONVERSION = YES;
				GCC_WARN_ABOUT_RETURN_TYPE = YES_ERROR;
				GCC_WARN_UNDECLARED_SELECTOR = YES;
				GCC_WARN_UNINITIALIZED_AUTOS = YES_AGGRESSIVE;
				GCC_WARN_UNUSED_FUNCTION = YES;
				GCC_WARN_UNUSED_VARIABLE = YES;
				IPHONEOS_DEPLOYMENT_TARGET = 14.2;
				MTL_ENABLE_DEBUG_INFO = INCLUDE_SOURCE;
				MTL_FAST_MATH = YES;
				ONLY_ACTIVE_ARCH = YES;
				SDKROOT = iphoneos;
				SWIFT_ACTIVE_COMPILATION_CONDITIONS = DEBUG;
				SWIFT_OPTIMIZATION_LEVEL = "-Onone";
			};
			name = Debug;
		};
		74DEC23F256D48BE007E8A17 /* Release */ = {
			isa = XCBuildConfiguration;
			buildSettings = {
				ALWAYS_SEARCH_USER_PATHS = NO;
				CLANG_ANALYZER_NONNULL = YES;
				CLANG_ANALYZER_NUMBER_OBJECT_CONVERSION = YES_AGGRESSIVE;
				CLANG_CXX_LANGUAGE_STANDARD = "gnu++14";
				CLANG_CXX_LIBRARY = "libc++";
				CLANG_ENABLE_MODULES = YES;
				CLANG_ENABLE_OBJC_ARC = YES;
				CLANG_ENABLE_OBJC_WEAK = YES;
				CLANG_WARN_BLOCK_CAPTURE_AUTORELEASING = YES;
				CLANG_WARN_BOOL_CONVERSION = YES;
				CLANG_WARN_COMMA = YES;
				CLANG_WARN_CONSTANT_CONVERSION = YES;
				CLANG_WARN_DEPRECATED_OBJC_IMPLEMENTATIONS = YES;
				CLANG_WARN_DIRECT_OBJC_ISA_USAGE = YES_ERROR;
				CLANG_WARN_DOCUMENTATION_COMMENTS = YES;
				CLANG_WARN_EMPTY_BODY = YES;
				CLANG_WARN_ENUM_CONVERSION = YES;
				CLANG_WARN_INFINITE_RECURSION = YES;
				CLANG_WARN_INT_CONVERSION = YES;
				CLANG_WARN_NON_LITERAL_NULL_CONVERSION = YES;
				CLANG_WARN_OBJC_IMPLICIT_RETAIN_SELF = YES;
				CLANG_WARN_OBJC_LITERAL_CONVERSION = YES;
				CLANG_WARN_OBJC_ROOT_CLASS = YES_ERROR;
				CLANG_WARN_QUOTED_INCLUDE_IN_FRAMEWORK_HEADER = YES;
				CLANG_WARN_RANGE_LOOP_ANALYSIS = YES;
				CLANG_WARN_STRICT_PROTOTYPES = YES;
				CLANG_WARN_SUSPICIOUS_MOVE = YES;
				CLANG_WARN_UNGUARDED_AVAILABILITY = YES_AGGRESSIVE;
				CLANG_WARN_UNREACHABLE_CODE = YES;
				CLANG_WARN__DUPLICATE_METHOD_MATCH = YES;
				COPY_PHASE_STRIP = NO;
				DEBUG_INFORMATION_FORMAT = "dwarf-with-dsym";
				ENABLE_NS_ASSERTIONS = NO;
				ENABLE_STRICT_OBJC_MSGSEND = YES;
				GCC_C_LANGUAGE_STANDARD = gnu11;
				GCC_NO_COMMON_BLOCKS = YES;
				GCC_WARN_64_TO_32_BIT_CONVERSION = YES;
				GCC_WARN_ABOUT_RETURN_TYPE = YES_ERROR;
				GCC_WARN_UNDECLARED_SELECTOR = YES;
				GCC_WARN_UNINITIALIZED_AUTOS = YES_AGGRESSIVE;
				GCC_WARN_UNUSED_FUNCTION = YES;
				GCC_WARN_UNUSED_VARIABLE = YES;
				IPHONEOS_DEPLOYMENT_TARGET = 14.2;
				MTL_ENABLE_DEBUG_INFO = NO;
				MTL_FAST_MATH = YES;
				SDKROOT = iphoneos;
				SWIFT_COMPILATION_MODE = wholemodule;
				SWIFT_OPTIMIZATION_LEVEL = "-O";
				VALIDATE_PRODUCT = YES;
			};
			name = Release;
		};
		74DEC241256D48BE007E8A17 /* Debug */ = {
			isa = XCBuildConfiguration;
			buildSettings = {
				ASSETCATALOG_COMPILER_APPICON_NAME = AppIcon;
				ASSETCATALOG_COMPILER_GLOBAL_ACCENT_COLOR_NAME = AccentColor;
				CODE_SIGN_STYLE = Automatic;
				DEVELOPMENT_TEAM = 24LG5QVBPR;
				INFOPLIST_FILE = TestApp/Info.plist;
				LD_RUNPATH_SEARCH_PATHS = (
					"$(inherited)",
					"@executable_path/Frameworks",
				);
				PRODUCT_BUNDLE_IDENTIFIER = com.zm.TestApp;
				PRODUCT_NAME = "$(TARGET_NAME)";
				SWIFT_VERSION = 5.0;
				TARGETED_DEVICE_FAMILY = "1,2";
			};
			name = Debug;
		};
		74DEC242256D48BE007E8A17 /* Release */ = {
			isa = XCBuildConfiguration;
			buildSettings = {
				ASSETCATALOG_COMPILER_APPICON_NAME = AppIcon;
				ASSETCATALOG_COMPILER_GLOBAL_ACCENT_COLOR_NAME = AccentColor;
				CODE_SIGN_STYLE = Automatic;
				DEVELOPMENT_TEAM = 24LG5QVBPR;
				INFOPLIST_FILE = TestApp/Info.plist;
				LD_RUNPATH_SEARCH_PATHS = (
					"$(inherited)",
					"@executable_path/Frameworks",
				);
				PRODUCT_BUNDLE_IDENTIFIER = com.zm.TestApp;
				PRODUCT_NAME = "$(TARGET_NAME)";
				SWIFT_VERSION = 5.0;
				TARGETED_DEVICE_FAMILY = "1,2";
			};
			name = Release;
		};
		74DEC244256D48BE007E8A17 /* Debug */ = {
			isa = XCBuildConfiguration;
			buildSettings = {
				ALWAYS_EMBED_SWIFT_STANDARD_LIBRARIES = YES;
				BUNDLE_LOADER = "$(TEST_HOST)";
				CODE_SIGN_STYLE = Automatic;
				DEVELOPMENT_TEAM = 24LG5QVBPR;
				INFOPLIST_FILE = TestAppTests/Info.plist;
				IPHONEOS_DEPLOYMENT_TARGET = 14.2;
				LD_RUNPATH_SEARCH_PATHS = (
					"$(inherited)",
					"@executable_path/Frameworks",
					"@loader_path/Frameworks",
				);
				PRODUCT_BUNDLE_IDENTIFIER = com.zm.TestAppTests;
				PRODUCT_NAME = "$(TARGET_NAME)";
				SWIFT_VERSION = 5.0;
				TARGETED_DEVICE_FAMILY = "1,2";
				TEST_HOST = "$(BUILT_PRODUCTS_DIR)/TestApp.app/TestApp";
			};
			name = Debug;
		};
		74DEC245256D48BE007E8A17 /* Release */ = {
			isa = XCBuildConfiguration;
			buildSettings = {
				ALWAYS_EMBED_SWIFT_STANDARD_LIBRARIES = YES;
				BUNDLE_LOADER = "$(TEST_HOST)";
				CODE_SIGN_STYLE = Automatic;
				DEVELOPMENT_TEAM = 24LG5QVBPR;
				INFOPLIST_FILE = TestAppTests/Info.plist;
				IPHONEOS_DEPLOYMENT_TARGET = 14.2;
				LD_RUNPATH_SEARCH_PATHS = (
					"$(inherited)",
					"@executable_path/Frameworks",
					"@loader_path/Frameworks",
				);
				PRODUCT_BUNDLE_IDENTIFIER = com.zm.TestAppTests;
				PRODUCT_NAME = "$(TARGET_NAME)";
				SWIFT_VERSION = 5.0;
				TARGETED_DEVICE_FAMILY = "1,2";
				TEST_HOST = "$(BUILT_PRODUCTS_DIR)/TestApp.app/TestApp";
			};
			name = Release;
		};
		74DEC247256D48BE007E8A17 /* Debug */ = {
			isa = XCBuildConfiguration;
			buildSettings = {
				ALWAYS_EMBED_SWIFT_STANDARD_LIBRARIES = YES;
				CODE_SIGN_STYLE = Automatic;
				DEVELOPMENT_TEAM = 24LG5QVBPR;
				INFOPLIST_FILE = TestAppUITests/Info.plist;
				LD_RUNPATH_SEARCH_PATHS = (
					"$(inherited)",
					"@executable_path/Frameworks",
					"@loader_path/Frameworks",
				);
				PRODUCT_BUNDLE_IDENTIFIER = com.zm.TestAppUITests;
				PRODUCT_NAME = "$(TARGET_NAME)";
				SWIFT_VERSION = 5.0;
				TARGETED_DEVICE_FAMILY = "1,2";
				TEST_TARGET_NAME = TestApp;
			};
			name = Debug;
		};
		74DEC248256D48BE007E8A17 /* Release */ = {
			isa = XCBuildConfiguration;
			buildSettings = {
				ALWAYS_EMBED_SWIFT_STANDARD_LIBRARIES = YES;
				CODE_SIGN_STYLE = Automatic;
				DEVELOPMENT_TEAM = 24LG5QVBPR;
				INFOPLIST_FILE = TestAppUITests/Info.plist;
				LD_RUNPATH_SEARCH_PATHS = (
					"$(inherited)",
					"@executable_path/Frameworks",
					"@loader_path/Frameworks",
				);
				PRODUCT_BUNDLE_IDENTIFIER = com.zm.TestAppUITests;
				PRODUCT_NAME = "$(TARGET_NAME)";
				SWIFT_VERSION = 5.0;
				TARGETED_DEVICE_FAMILY = "1,2";
				TEST_TARGET_NAME = TestApp;
			};
			name = Release;
		};
/* End XCBuildConfiguration section */

/* Begin XCConfigurationList section */
		74DEC211256D48BA007E8A17 /* Build configuration list for PBXProject "TestApp" */ = {
			isa = XCConfigurationList;
			buildConfigurations = (
				74DEC23E256D48BE007E8A17 /* Debug */,
				74DEC23F256D48BE007E8A17 /* Release */,
			);
			defaultConfigurationIsVisible = 0;
			defaultConfigurationName = Release;
		};
		74DEC240256D48BE007E8A17 /* Build configuration list for PBXNativeTarget "TestApp" */ = {
			isa = XCConfigurationList;
			buildConfigurations = (
				74DEC241256D48BE007E8A17 /* Debug */,
				74DEC242256D48BE007E8A17 /* Release */,
			);
			defaultConfigurationIsVisible = 0;
			defaultConfigurationName = Release;
		};
		74DEC243256D48BE007E8A17 /* Build configuration list for PBXNativeTarget "TestAppTests" */ = {
			isa = XCConfigurationList;
			buildConfigurations = (
				74DEC244256D48BE007E8A17 /* Debug */,
				74DEC245256D48BE007E8A17 /* Release */,
			);
			defaultConfigurationIsVisible = 0;
			defaultConfigurationName = Release;
		};
		74DEC246256D48BE007E8A17 /* Build configuration list for PBXNativeTarget "TestAppUITests" */ = {
			isa = XCConfigurationList;
			buildConfigurations = (
				74DEC247256D48BE007E8A17 /* Debug */,
				74DEC248256D48BE007E8A17 /* Release */,
			);
			defaultConfigurationIsVisible = 0;
			defaultConfigurationName = Release;
		};
/* End XCConfigurationList section */
	};
	rootObject = 74DEC20E256D48BA007E8A17 /* Project object */;
}
